
Microsoft Visual Studio Solution File, Format Version 12.00
# Visual Studio Version 17
VisualStudioVersion = 17.10.34928.147
MinimumVisualStudioVersion = 10.0.40219.1
Project("{FAE04EC0-301F-11D3-BF4B-00C04F79EFBC}") = "ApiRyM", "ApiRyM\ApiRyM.csproj", "{D2083EFD-54B6-4909-8EE8-265ED45538EF}"
EndProject
Global
	GlobalSection(SolutionConfigurationPlatforms) = preSolution
		Debug|Any CPU = Debug|Any CPU
		Release|Any CPU = Release|Any CPU
	EndGlobalSection
	GlobalSection(ProjectConfigurationPlatforms) = postSolution
		{D2083EFD-54B6-4909-8EE8-265ED45538EF}.Debug|Any CPU.ActiveCfg = Debug|Any CPU
		{D2083EFD-54B6-4909-8EE8-265ED45538EF}.Debug|Any CPU.Build.0 = Debug|Any CPU
		{D2083EFD-54B6-4909-8EE8-265ED45538EF}.Release|Any CPU.ActiveCfg = Release|Any CPU
		{D2083EFD-54B6-4909-8EE8-265ED45538EF}.Release|Any CPU.Build.0 = Release|Any CPU
	EndGlobalSection
	GlobalSection(SolutionProperties) = preSolution
		HideSolutionNode = FALSE
	EndGlobalSection
	GlobalSection(ExtensibilityGlobals) = postSolution
		SolutionGuid = {7ABB5568-7887-4501-A9DC-3BAEC0C547D6}
	EndGlobalSection
EndGlobal
